PODS:
  - AdtomaFusionSDK (1.8.0)

DEPENDENCIES:
  - AdtomaFusionSDK (from `https://github.com/Adtoma/AdtomaFusionSDK.git`, tag `1.8.0-simulator`)

EXTERNAL SOURCES:
  AdtomaFusionSDK:
    :git: https://github.com/Adtoma/AdtomaFusionSDK.git
    :tag: 1.8.0-simulator

CHECKOUT OPTIONS:
  AdtomaFusionSDK:
    :git: https://github.com/Adtoma/AdtomaFusionSDK.git
    :tag: 1.8.0-simulator

SPEC CHECKSUMS:
  AdtomaFusionSDK: e42de4f0ff9c41bd133303bc45ac7b7b0871aa5a

PODFILE CHECKSUM: 65c1ab540574a43e1a2da5ea26f377b5d1e6aa62

COCOAPODS: 1.0.0.beta.6
